
Microsoft Visual Studio Solution File, Format Version 12.00
# Visual Studio 14
VisualStudioVersion = 14.0.25420.1
MinimumVisualStudioVersion = 10.0.40219.1
Project("{FAE04EC0-301F-11D3-BF4B-00C04F79EFBC}") = "UserManagement", "UserManagement.csproj", "{B38235A6-DDBE-4E18-9DEA-FFD0A502E700}"
EndProject
Project("{FAE04EC0-301F-11D3-BF4B-00C04F79EFBC}") = "UserManagementTest", "..\UserManagementTest\UserManagementTest.csproj", "{E440D620-BE87-4EDE-952C-34B818CAFE4E}"
EndProject
Global
	GlobalSection(SolutionConfigurationPlatforms) = preSolution
		Debug|Any CPU = Debug|Any CPU
		Release|Any CPU = Release|Any CPU
	EndGlobalSection
	GlobalSection(ProjectConfigurationPlatforms) = postSolution
		{B38235A6-DDBE-4E18-9DEA-FFD0A502E700}.Debug|Any CPU.ActiveCfg = Debug|Any CPU
		{B38235A6-DDBE-4E18-9DEA-FFD0A502E700}.Debug|Any CPU.Build.0 = Debug|Any CPU
		{B38235A6-DDBE-4E18-9DEA-FFD0A502E700}.Release|Any CPU.ActiveCfg = Release|Any CPU
		{B38235A6-DDBE-4E18-9DEA-FFD0A502E700}.Release|Any CPU.Build.0 = Release|Any CPU
		{E440D620-BE87-4EDE-952C-34B818CAFE4E}.Debug|Any CPU.ActiveCfg = Debug|Any CPU
		{E440D620-BE87-4EDE-952C-34B818CAFE4E}.Debug|Any CPU.Build.0 = Debug|Any CPU
		{E440D620-BE87-4EDE-952C-34B818CAFE4E}.Release|Any CPU.ActiveCfg = Release|Any CPU
		{E440D620-BE87-4EDE-952C-34B818CAFE4E}.Release|Any CPU.Build.0 = Release|Any CPU
	EndGlobalSection
	GlobalSection(SolutionProperties) = preSolution
		HideSolutionNode = FALSE
	EndGlobalSection
EndGlobal
